// !$*UTF8*$!
{
	archiveVersion = 1;
	classes = {
	};
	objectVersion = 46;
	objects = {

/* Begin PBXBuildFile section */
		AE6D27BF1E45D037009E6B6C /* AppDelegate.swift in Sources */ = {isa = PBXBuildFile; fileRef = AE6D27BE1E45D037009E6B6C /* AppDelegate.swift */; };
		AE6D27C11E45D037009E6B6C /* ViewController.swift in Sources */ = {isa = PBXBuildFile; fileRef = AE6D27C01E45D037009E6B6C /* ViewController.swift */; };
		AE6D27C41E45D037009E6B6C /* Main.storyboard in Resources */ = {isa = PBXBuildFile; fileRef = AE6D27C21E45D037009E6B6C /* Main.storyboard */; };
		AE6D27C61E45D037009E6B6C /* Assets.xcassets in Resources */ = {isa = PBXBuildFile; fileRef = AE6D27C51E45D037009E6B6C /* Assets.xcassets */; };
		AE6D27C91E45D037009E6B6C /* LaunchScreen.storyboard in Resources */ = {isa = PBXBuildFile; fileRef = AE6D27C71E45D037009E6B6C /* LaunchScreen.storyboard */; };
		AEC53F3B1E45DAE0000DD687 /* pokemon.csv in Resources */ = {isa = PBXBuildFile; fileRef = AEC53F3A1E45DAE0000DD687 /* pokemon.csv */; };
		AEC53F3E1E45DC79000DD687 /* Pokemon.swift in Sources */ = {isa = PBXBuildFile; fileRef = AEC53F3D1E45DC79000DD687 /* Pokemon.swift */; };
		AEC53F441E45F34B000DD687 /* PokeCell.swift in Sources */ = {isa = PBXBuildFile; fileRef = AEC53F431E45F34B000DD687 /* PokeCell.swift */; };
/* End PBXBuildFile section */

/* Begin PBXFileReference section */
		AE6D27BB1E45D037009E6B6C /* pokedx3.app */ = {isa = PBXFileReference; explicitFileType = wrapper.application; includeInIndex = 0; path = pokedx3.app; sourceTree = BUILT_PRODUCTS_DIR; };
		AE6D27BE1E45D037009E6B6C /* AppDelegate.swift */ = {isa = PBXFileReference; lastKnownFileType = sourcecode.swift; path = AppDelegate.swift; sourceTree = "<group>"; };
		AE6D27C01E45D037009E6B6C /* ViewController.swift */ = {isa = PBXFileReference; lastKnownFileType = sourcecode.swift; path = ViewController.swift; sourceTree = "<group>"; };
		AE6D27C31E45D037009E6B6C /* Base */ = {isa = PBXFileReference; lastKnownFileType = file.storyboard; name = Base; path = Base.lproj/Main.storyboard; sourceTree = "<group>"; };
		AE6D27C51E45D037009E6B6C /* Assets.xcassets */ = {isa = PBXFileReference; lastKnownFileType = folder.assetcatalog; path = Assets.xcassets; sourceTree = "<group>"; };
		AE6D27C81E45D037009E6B6C /* Base */ = {isa = PBXFileReference; lastKnownFileType = file.storyboard; name = Base; path = Base.lproj/LaunchScreen.storyboard; sourceTree = "<group>"; };
		AE6D27CA1E45D037009E6B6C /* Info.plist */ = {isa = PBXFileReference; lastKnownFileType = text.plist.xml; path = Info.plist; sourceTree = "<group>"; };
		AEC53F3A1E45DAE0000DD687 /* pokemon.csv */ = {isa = PBXFileReference; fileEncoding = 4; lastKnownFileType = text; path = pokemon.csv; sourceTree = "<group>"; };
		AEC53F3D1E45DC79000DD687 /* Pokemon.swift */ = {isa = PBXFileReference; fileEncoding = 4; lastKnownFileType = sourcecode.swift; path = Pokemon.swift; sourceTree = "<group>"; };
		AEC53F431E45F34B000DD687 /* PokeCell.swift */ = {isa = PBXFileReference; fileEncoding = 4; lastKnownFileType = sourcecode.swift; path = PokeCell.swift; sourceTree = "<group>"; };
/* End PBXFileReference section */

/* Begin PBXFrameworksBuildPhase section */
		AE6D27B81E45D037009E6B6C /* Frameworks */ = {
			isa = PBXFrameworksBuildPhase;
			buildActionMask = 2147483647;
			files = (
			);
			runOnlyForDeploymentPostprocessing = 0;
		};
/* End PBXFrameworksBuildPhase section */

/* Begin PBXGroup section */
		AE6D27B21E45D037009E6B6C = {
			isa = PBXGroup;
			children = (
				AE6D27BD1E45D037009E6B6C /* pokedx3 */,
				AE6D27BC1E45D037009E6B6C /* Products */,
			);
			sourceTree = "<group>";
		};
		AE6D27BC1E45D037009E6B6C /* Products */ = {
			isa = PBXGroup;
			children = (
				AE6D27BB1E45D037009E6B6C /* pokedx3.app */,
			);
			name = Products;
			sourceTree = "<group>";
		};
		AE6D27BD1E45D037009E6B6C /* pokedx3 */ = {
			isa = PBXGroup;
			children = (
				AEC53F401E45F2E5000DD687 /* View */,
				AEC53F3C1E45DC62000DD687 /* Model */,
				AE6D27BE1E45D037009E6B6C /* AppDelegate.swift */,
				AE6D27C01E45D037009E6B6C /* ViewController.swift */,
				AE6D27C21E45D037009E6B6C /* Main.storyboard */,
				AE6D27C51E45D037009E6B6C /* Assets.xcassets */,
				AEC53F3A1E45DAE0000DD687 /* pokemon.csv */,
				AE6D27C71E45D037009E6B6C /* LaunchScreen.storyboard */,
				AE6D27CA1E45D037009E6B6C /* Info.plist */,
			);
			path = pokedx3;
			sourceTree = "<group>";
		};
		AEC53F3C1E45DC62000DD687 /* Model */ = {
			isa = PBXGroup;
			children = (
				AEC53F3D1E45DC79000DD687 /* Pokemon.swift */,
			);
			name = Model;
			sourceTree = "<group>";
		};
		AEC53F401E45F2E5000DD687 /* View */ = {
			isa = PBXGroup;
			children = (
				AEC53F431E45F34B000DD687 /* PokeCell.swift */,
			);
			name = View;
			sourceTree = "<group>";
		};
/* End PBXGroup section */

/* Begin PBXNativeTarget section */
		AE6D27BA1E45D037009E6B6C /* pokedx3 */ = {
			isa = PBXNativeTarget;
			buildConfigurationList = AE6D27CD1E45D037009E6B6C /* Build configuration list for PBXNativeTarget "pokedx3" */;
			buildPhases = (
				AE6D27B71E45D037009E6B6C /* Sources */,
				AE6D27B81E45D037009E6B6C /* Frameworks */,
				AE6D27B91E45D037009E6B6C /* Resources */,
			);
			buildRules = (
			);
			dependencies = (
			);
			name = pokedx3;
			productName = pokedx3;
			productReference = AE6D27BB1E45D037009E6B6C /* pokedx3.app */;
			productType = "com.apple.product-type.application";
		};
/* End PBXNativeTarget section */

/* Begin PBXProject section */
		AE6D27B31E45D037009E6B6C /* Project object */ = {
			isa = PBXProject;
			attributes = {
				LastSwiftUpdateCheck = 0810;
				LastUpgradeCheck = 0810;
				ORGANIZATIONNAME = "Shi Yangguang";
				TargetAttributes = {
					AE6D27BA1E45D037009E6B6C = {
						CreatedOnToolsVersion = 8.1;
						ProvisioningStyle = Automatic;
					};
				};
			};
			buildConfigurationList = AE6D27B61E45D037009E6B6C /* Build configuration list for PBXProject "pokedx3" */;
			compatibilityVersion = "Xcode 3.2";
			developmentRegion = English;
			hasScannedForEncodings = 0;
			knownRegions = (
				en,
				Base,
			);
			mainGroup = AE6D27B21E45D037009E6B6C;
			productRefGroup = AE6D27BC1E45D037009E6B6C /* Products */;
			projectDirPath = "";
			projectRoot = "";
			targets = (
				AE6D27BA1E45D037009E6B6C /* pokedx3 */,
			);
		};
/* End PBXProject section */

/* Begin PBXResourcesBuildPhase section */
		AE6D27B91E45D037009E6B6C /* Resources */ = {
			isa = PBXResourcesBuildPhase;
			buildActionMask = 2147483647;
			files = (
				AE6D27C91E45D037009E6B6C /* LaunchScreen.storyboard in Resources */,
				AE6D27C61E45D037009E6B6C /* Assets.xcassets in Resources */,
				AEC53F3B1E45DAE0000DD687 /* pokemon.csv in Resources */,
				AE6D27C41E45D037009E6B6C /* Main.storyboard in Resources */,
			);
			runOnlyForDeploymentPostprocessing = 0;
		};
/* End PBXResourcesBuildPhase section */

/* Begin PBXSourcesBuildPhase section */
		AE6D27B71E45D037009E6B6C /* Sources */ = {
			isa = PBXSourcesBuildPhase;
			buildActionMask = 2147483647;
			files = (
				AEC53F441E45F34B000DD687 /* PokeCell.swift in Sources */,
				AE6D27C11E45D037009E6B6C /* ViewController.swift in Sources */,
				AE6D27BF1E45D037009E6B6C /* AppDelegate.swift in Sources */,
				AEC53F3E1E45DC79000DD687 /* Pokemon.swift in Sources */,
			);
			runOnlyForDeploymentPostprocessing = 0;
		};
/* End PBXSourcesBuildPhase section */

/* Begin PBXVariantGroup section */
		AE6D27C21E45D037009E6B6C /* Main.storyboard */ = {
			isa = PBXVariantGroup;
			children = (
				AE6D27C31E45D037009E6B6C /* Base */,
			);
			name = Main.storyboard;
			sourceTree = "<group>";
		};
		AE6D27C71E45D037009E6B6C /* LaunchScreen.storyboard */ = {
			isa = PBXVariantGroup;
			children = (
				AE6D27C81E45D037009E6B6C /* Base */,
			);
			name = LaunchScreen.storyboard;
			sourceTree = "<group>";
		};
/* End PBXVariantGroup section */

/* Begin XCBuildConfiguration section */
		AE6D27CB1E45D037009E6B6C /* Debug */ = {
			isa = XCBuildConfiguration;
			buildSettings = {
				ALWAYS_SEARCH_USER_PATHS = NO;
				CLANG_ANALYZER_NONNULL = YES;
				CLANG_CXX_LANGUAGE_STANDARD = "gnu++0x";
				CLANG_CXX_LIBRARY = "libc++";
				CLANG_ENABLE_MODULES = YES;
				CLANG_ENABLE_OBJC_ARC = YES;
				CLANG_WARN_BOOL_CONVERSION = YES;
				CLANG_WARN_CONSTANT_CONVERSION = YES;
				CLANG_WARN_DIRECT_OBJC_ISA_USAGE = YES_ERROR;
				CLANG_WARN_DOCUMENTATION_COMMENTS = YES;
				CLANG_WARN_EMPTY_BODY = YES;
				CLANG_WARN_ENUM_CONVERSION = YES;
				CLANG_WARN_INFINITE_RECURSION = YES;
				CLANG_WARN_INT_CONVERSION = YES;
				CLANG_WARN_OBJC_ROOT_CLASS = YES_ERROR;
				CLANG_WARN_SUSPICIOUS_MOVES = YES;
				CLANG_WARN_UNREACHABLE_CODE = YES;
				CLANG_WARN__DUPLICATE_METHOD_MATCH = YES;
				"CODE_SIGN_IDENTITY[sdk=iphoneos*]" = "iPhone Developer";
				COPY_PHASE_STRIP = NO;
				DEBUG_INFORMATION_FORMAT = dwarf;
				ENABLE_STRICT_OBJC_MSGSEND = YES;
				ENABLE_TESTABILITY = YES;
				GCC_C_LANGUAGE_STANDARD = gnu99;
				GCC_DYNAMIC_NO_PIC = NO;
				GCC_NO_COMMON_BLOCKS = YES;
				GCC_OPTIMIZATION_LEVEL = 0;
				GCC_PREPROCESSOR_DEFINITIONS = (
					"DEBUG=1",
					"$(inherited)",
				);
				GCC_WARN_64_TO_32_BIT_CONVERSION = YES;
				GCC_WARN_ABOUT_RETURN_TYPE = YES_ERROR;
				GCC_WARN_UNDECLARED_SELECTOR = YES;
				GCC_WARN_UNINITIALIZED_AUTOS = YES_AGGRESSIVE;
				GCC_WARN_UNUSED_FUNCTION = YES;
				GCC_WARN_UNUSED_VARIABLE = YES;
				IPHONEOS_DEPLOYMENT_TARGET = 10.1;
				MTL_ENABLE_DEBUG_INFO = YES;
				ONLY_ACTIVE_ARCH = YES;
				SDKROOT = iphoneos;
				SWIFT_ACTIVE_COMPILATION_CONDITIONS = DEBUG;
				SWIFT_OPTIMIZATION_LEVEL = "-Onone";
				TARGETED_DEVICE_FAMILY = "1,2";
			};
			name = Debug;
		};
		AE6D27CC1E45D037009E6B6C /* Release */ = {
			isa = XCBuildConfiguration;
			buildSettings = {
				ALWAYS_SEARCH_USER_PATHS = NO;
				CLANG_ANALYZER_NONNULL = YES;
				CLANG_CXX_LANGUAGE_STANDARD = "gnu++0x";
				CLANG_CXX_LIBRARY = "libc++";
				CLANG_ENABLE_MODULES = YES;
				CLANG_ENABLE_OBJC_ARC = YES;
				CLANG_WARN_BOOL_CONVERSION = YES;
				CLANG_WARN_CONSTANT_CONVERSION = YES;
				CLANG_WARN_DIRECT_OBJC_ISA_USAGE = YES_ERROR;
				CLANG_WARN_DOCUMENTATION_COMMENTS = YES;
				CLANG_WARN_EMPTY_BODY = YES;
				CLANG_WARN_ENUM_CONVERSION = YES;
				CLANG_WARN_INFINITE_RECURSION = YES;
				CLANG_WARN_INT_CONVERSION = YES;
				CLANG_WARN_OBJC_ROOT_CLASS = YES_ERROR;
				CLANG_WARN_SUSPICIOUS_MOVES = YES;
				CLANG_WARN_UNREACHABLE_CODE = YES;
				CLANG_WARN__DUPLICATE_METHOD_MATCH = YES;
				"CODE_SIGN_IDENTITY[sdk=iphoneos*]" = "iPhone Developer";
				COPY_PHASE_STRIP = NO;
				DEBUG_INFORMATION_FORMAT = "dwarf-with-dsym";
				ENABLE_NS_ASSERTIONS = NO;
				ENABLE_STRICT_OBJC_MSGSEND = YES;
				GCC_C_LANGUAGE_STANDARD = gnu99;
				GCC_NO_COMMON_BLOCKS = YES;
				GCC_WARN_64_TO_32_BIT_CONVERSION = YES;
				GCC_WARN_ABOUT_RETURN_TYPE = YES_ERROR;
				GCC_WARN_UNDECLARED_SELECTOR = YES;
				GCC_WARN_UNINITIALIZED_AUTOS = YES_AGGRESSIVE;
				GCC_WARN_UNUSED_FUNCTION = YES;
				GCC_WARN_UNUSED_VARIABLE = YES;
				IPHONEOS_DEPLOYMENT_TARGET = 10.1;
				MTL_ENABLE_DEBUG_INFO = NO;
				SDKROOT = iphoneos;
				SWIFT_OPTIMIZATION_LEVEL = "-Owholemodule";
				TARGETED_DEVICE_FAMILY = "1,2";
				VALIDATE_PRODUCT = YES;
			};
			name = Release;
		};
		AE6D27CE1E45D037009E6B6C /* Debug */ = {
			isa = XCBuildConfiguration;
			buildSettings = {
				ASSETCATALOG_COMPILER_APPICON_NAME = AppIcon;
				INFOPLIST_FILE = pokedx3/Info.plist;
				LD_RUNPATH_SEARCH_PATHS = "$(inherited) @executable_path/Frameworks";
				PRODUCT_BUNDLE_IDENTIFIER = yangguang.pokedx3;
				PRODUCT_NAME = "$(TARGET_NAME)";
				SWIFT_VERSION = 3.0;
			};
			name = Debug;
		};
		AE6D27CF1E45D037009E6B6C /* Release */ = {
			isa = XCBuildConfiguration;
			buildSettings = {
				ASSETCATALOG_COMPILER_APPICON_NAME = AppIcon;
				INFOPLIST_FILE = pokedx3/Info.plist;
				LD_RUNPATH_SEARCH_PATHS = "$(inherited) @executable_path/Frameworks";
				PRODUCT_BUNDLE_IDENTIFIER = yangguang.pokedx3;
				PRODUCT_NAME = "$(TARGET_NAME)";
				SWIFT_VERSION = 3.0;
			};
			name = Release;
		};
/* End XCBuildConfiguration section */

/* Begin XCConfigurationList section */
		AE6D27B61E45D037009E6B6C /* Build configuration list for PBXProject "pokedx3" */ = {
			isa = XCConfigurationList;
			buildConfigurations = (
				AE6D27CB1E45D037009E6B6C /* Debug */,
				AE6D27CC1E45D037009E6B6C /* Release */,
			);
			defaultConfigurationIsVisible = 0;
			defaultConfigurationName = Release;
		};
		AE6D27CD1E45D037009E6B6C /* Build configuration list for PBXNativeTarget "pokedx3" */ = {
			isa = XCConfigurationList;
			buildConfigurations = (
				AE6D27CE1E45D037009E6B6C /* Debug */,
				AE6D27CF1E45D037009E6B6C /* Release */,
			);
			defaultConfigurationIsVisible = 0;
			defaultConfigurationName = Release;
		};
/* End XCConfigurationList section */
	};
	rootObject = AE6D27B31E45D037009E6B6C /* Project object */;
}
